Microsoft Visual Studio Solution File, Format Version 12.00
# Visual Studio 15
VisualStudioVersion = 15.0.28307.645
MinimumVisualStudioVersion = 10.0.40219.1
Project("{FAE04EC0-301F-11D3-BF4B-00C04F79EFBC}") = "Cups To Ounces", "Cups To Ounces\Cups To Ounces.csproj", "{F947709E-878E-4081-BF3E-5ECBA85F41C2}"
EndProject
Project("{FAE04EC0-301F-11D3-BF4B-00C04F79EFBC}") = "CupsToOuncesTest", "CupsToOuncesTest\CupsToOuncesTest.csproj", "{3C12B7FD-77D8-48B0-8FB4-F33A051661CD}"
	ProjectSection(ProjectDependencies) = postProject
		{F947709E-878E-4081-BF3E-5ECBA85F41C2} = {F947709E-878E-4081-BF3E-5ECBA85F41C2}
	EndProjectSection
EndProject
Global
	GlobalSection(SolutionConfigurationPlatforms) = preSolution
		Debug|Any CPU = Debug|Any CPU
		Debug|x86 = Debug|x86
		Release|Any CPU = Release|Any CPU
		Release|x86 = Release|x86
	EndGlobalSection
	GlobalSection(ProjectConfigurationPlatforms) = postSolution
		{F947709E-878E-4081-BF3E-5ECBA85F41C2}.Debug|Any CPU.ActiveCfg = Debug|x86
		{F947709E-878E-4081-BF3E-5ECBA85F41C2}.Debug|x86.ActiveCfg = Debug|x86
		{F947709E-878E-4081-BF3E-5ECBA85F41C2}.Debug|x86.Build.0 = Debug|x86
		{F947709E-878E-4081-BF3E-5ECBA85F41C2}.Release|Any CPU.ActiveCfg = Release|x86
		{F947709E-878E-4081-BF3E-5ECBA85F41C2}.Release|x86.ActiveCfg = Release|x86
		{F947709E-878E-4081-BF3E-5ECBA85F41C2}.Release|x86.Build.0 = Release|x86
		{3C12B7FD-77D8-48B0-8FB4-F33A051661CD}.Debug|Any CPU.ActiveCfg = Debug|Any CPU
		{3C12B7FD-77D8-48B0-8FB4-F33A051661CD}.Debug|Any CPU.Build.0 = Debug|Any CPU
		{3C12B7FD-77D8-48B0-8FB4-F33A051661CD}.Debug|x86.ActiveCfg = Debug|Any CPU
		{3C12B7FD-77D8-48B0-8FB4-F33A051661CD}.Debug|x86.Build.0 = Debug|Any CPU
		{3C12B7FD-77D8-48B0-8FB4-F33A051661CD}.Release|Any CPU.ActiveCfg = Release|Any CPU
		{3C12B7FD-77D8-48B0-8FB4-F33A051661CD}.Release|Any CPU.Build.0 = Release|Any CPU
		{3C12B7FD-77D8-48B0-8FB4-F33A051661CD}.Release|x86.ActiveCfg = Release|Any CPU
		{3C12B7FD-77D8-48B0-8FB4-F33A051661CD}.Release|x86.Build.0 = Release|Any CPU
	EndGlobalSection
	GlobalSection(SolutionProperties) = preSolution
		HideSolutionNode = FALSE
	EndGlobalSection
	GlobalSection(ExtensibilityGlobals) = postSolution
		SolutionGuid = {8609D5A3-B050-4D10-925F-FB5563FFE54A}
	EndGlobalSection
EndGlobal
