
Microsoft Visual Studio Solution File, Format Version 12.00
# Visual Studio 15
VisualStudioVersion = 15.0.28307.645
MinimumVisualStudioVersion = 10.0.40219.1
Project("{FAE04EC0-301F-11D3-BF4B-00C04F79EFBC}") = "ArithmeticOperationsBreshears", "ArithmeticOperationsBreshears\ArithmeticOperationsBreshears.csproj", "{19AE76C7-F887-4FF0-8540-42DE618234A2}"
EndProject
Global
	GlobalSection(SolutionConfigurationPlatforms) = preSolution
		Debug|Any CPU = Debug|Any CPU
		Release|Any CPU = Release|Any CPU
	EndGlobalSection
	GlobalSection(ProjectConfigurationPlatforms) = postSolution
		{19AE76C7-F887-4FF0-8540-42DE618234A2}.Debug|Any CPU.ActiveCfg = Debug|Any CPU
		{19AE76C7-F887-4FF0-8540-42DE618234A2}.Debug|Any CPU.Build.0 = Debug|Any CPU
		{19AE76C7-F887-4FF0-8540-42DE618234A2}.Release|Any CPU.ActiveCfg = Release|Any CPU
		{19AE76C7-F887-4FF0-8540-42DE618234A2}.Release|Any CPU.Build.0 = Release|Any CPU
	EndGlobalSection
	GlobalSection(SolutionProperties) = preSolution
		HideSolutionNode = FALSE
	EndGlobalSection
	GlobalSection(ExtensibilityGlobals) = postSolution
		SolutionGuid = {2F659095-A04B-4707-84EC-5FB2B8D4346A}
	EndGlobalSection
EndGlobal
