
Microsoft Visual Studio Solution File, Format Version 12.00
# Visual Studio 15
VisualStudioVersion = 15.0.28307.645
MinimumVisualStudioVersion = 10.0.40219.1
Project("{FAE04EC0-301F-11D3-BF4B-00C04F79EFBC}") = "AverageTestScoresWhileBreshears", "AverageTestScoresWhileBreshears\AverageTestScoresWhileBreshears.csproj", "{AFDA2028-D624-4E66-BAFD-917039510CAA}"
EndProject
Global
	GlobalSection(SolutionConfigurationPlatforms) = preSolution
		Debug|Any CPU = Debug|Any CPU
		Release|Any CPU = Release|Any CPU
	EndGlobalSection
	GlobalSection(ProjectConfigurationPlatforms) = postSolution
		{AFDA2028-D624-4E66-BAFD-917039510CAA}.Debug|Any CPU.ActiveCfg = Debug|Any CPU
		{AFDA2028-D624-4E66-BAFD-917039510CAA}.Debug|Any CPU.Build.0 = Debug|Any CPU
		{AFDA2028-D624-4E66-BAFD-917039510CAA}.Release|Any CPU.ActiveCfg = Release|Any CPU
		{AFDA2028-D624-4E66-BAFD-917039510CAA}.Release|Any CPU.Build.0 = Release|Any CPU
	EndGlobalSection
	GlobalSection(SolutionProperties) = preSolution
		HideSolutionNode = FALSE
	EndGlobalSection
	GlobalSection(ExtensibilityGlobals) = postSolution
		SolutionGuid = {54BA31D2-01E8-483C-9061-4371D3D328C7}
	EndGlobalSection
EndGlobal
